
Microsoft Visual Studio Solution File, Format Version 12.00
# Visual Studio Version 16
VisualStudioVersion = 16.0.29709.97
MinimumVisualStudioVersion = 10.0.40219.1
Project("{9A19103F-16F7-4668-BE54-9A1E7A4F7556}") = "HW.02", "ConsoleApp2\HW.02.csproj", "{DDD233E6-709A-4E55-AE85-6F1DEE240CC5}"
EndProject
Global
	GlobalSection(SolutionConfigurationPlatforms) = preSolution
		Debug|Any CPU = Debug|Any CPU
		Release|Any CPU = Release|Any CPU
	EndGlobalSection
	GlobalSection(ProjectConfigurationPlatforms) = postSolution
		{DDD233E6-709A-4E55-AE85-6F1DEE240CC5}.Debug|Any CPU.ActiveCfg = Debug|Any CPU
		{DDD233E6-709A-4E55-AE85-6F1DEE240CC5}.Debug|Any CPU.Build.0 = Debug|Any CPU
		{DDD233E6-709A-4E55-AE85-6F1DEE240CC5}.Release|Any CPU.ActiveCfg = Release|Any CPU
		{DDD233E6-709A-4E55-AE85-6F1DEE240CC5}.Release|Any CPU.Build.0 = Release|Any CPU
	EndGlobalSection
	GlobalSection(SolutionProperties) = preSolution
		HideSolutionNode = FALSE
	EndGlobalSection
	GlobalSection(ExtensibilityGlobals) = postSolution
		SolutionGuid = {96E7183D-657A-4670-B6FC-F55079F18785}
	EndGlobalSection
EndGlobal
